
Microsoft Visual Studio Solution File, Format Version 12.00
# Visual Studio 2013
VisualStudioVersion = 12.0.30723.0
MinimumVisualStudioVersion = 10.0.40219.1
Project("{FAE04EC0-301F-11D3-BF4B-00C04F79EFBC}") = "DishesApplication", "DishesApplication\DishesApplication.csproj", "{DDE06379-1679-4793-AEE9-C8E24221B4E9}"
EndProject
Project("{FAE04EC0-301F-11D3-BF4B-00C04F79EFBC}") = "DishesApplicationTest", "DishesApplicationTest\DishesApplicationTest.csproj", "{515F48D0-FEDE-4AF7-991F-8BE71A47288B}"
	ProjectSection(ProjectDependencies) = postProject
		{DDE06379-1679-4793-AEE9-C8E24221B4E9} = {DDE06379-1679-4793-AEE9-C8E24221B4E9}
	EndProjectSection
EndProject
Global
	GlobalSection(SolutionConfigurationPlatforms) = preSolution
		Debug|Any CPU = Debug|Any CPU
		Release|Any CPU = Release|Any CPU
	EndGlobalSection
	GlobalSection(ProjectConfigurationPlatforms) = postSolution
		{DDE06379-1679-4793-AEE9-C8E24221B4E9}.Debug|Any CPU.ActiveCfg = Debug|Any CPU
		{DDE06379-1679-4793-AEE9-C8E24221B4E9}.Debug|Any CPU.Build.0 = Debug|Any CPU
		{DDE06379-1679-4793-AEE9-C8E24221B4E9}.Release|Any CPU.ActiveCfg = Release|Any CPU
		{DDE06379-1679-4793-AEE9-C8E24221B4E9}.Release|Any CPU.Build.0 = Release|Any CPU
		{515F48D0-FEDE-4AF7-991F-8BE71A47288B}.Debug|Any CPU.ActiveCfg = Debug|Any CPU
		{515F48D0-FEDE-4AF7-991F-8BE71A47288B}.Debug|Any CPU.Build.0 = Debug|Any CPU
		{515F48D0-FEDE-4AF7-991F-8BE71A47288B}.Release|Any CPU.ActiveCfg = Release|Any CPU
		{515F48D0-FEDE-4AF7-991F-8BE71A47288B}.Release|Any CPU.Build.0 = Release|Any CPU
	EndGlobalSection
	GlobalSection(SolutionProperties) = preSolution
		HideSolutionNode = FALSE
	EndGlobalSection
EndGlobal
